dependencies:
- name: gitea
  repository: https://dl.gitea.com/charts/
  version: 12.4.0
- name: gitea-runner
  repository: https://sm-moshi.github.io/helm-charts
  version: 0.2.0
digest: sha256:f7cd03add3b41df489a3af9cc1e667ac2ea02b31d99a505a90b514a3db416af6
generated: "2026-01-10T15:11:43.996013+01:00"
