dependencies:
- name: mariadb
  repository: oci://registry-1.docker.io/bitnamicharts
  version: 24.0.4
- name: postgresql
  repository: oci://registry-1.docker.io/bitnamicharts
  version: 18.1.4
digest: sha256:0360a3c12fa6730283d92f8c6f44da4580540b7a2d69d10461dfa9396f670bba
generated: "2026-02-08T19:23:43.336496963Z"
