dependencies:
- name: mariadb
  repository: oci://registry-1.docker.io/bitnamicharts
  version: 23.2.2
- name: postgresql
  repository: oci://registry-1.docker.io/bitnamicharts
  version: 18.2.4
digest: sha256:1f40f5e011676c688e890bf0bcf03c622419dc00b8f3969f520e279f5e290c0c
generated: "2026-02-08T19:22:59.034932257Z"
