dependencies:
- name: mariadb
  repository: oci://registry-1.docker.io/bitnamicharts
  version: 23.2.4
- name: postgresql
  repository: oci://registry-1.docker.io/bitnamicharts
  version: 18.1.4
digest: sha256:6139745b43c168a47b965955f379341c676fb3e82b7fe374b05cc8762cf1d0f9
generated: "2026-02-08T19:17:07.973078385Z"
