dependencies:
- name: cloudnative-pg
  repository: https://cloudnative-pg.github.io/charts
  version: 0.27.0
- name: plugin-barman-cloud
  repository: https://cloudnative-pg.github.io/charts
  version: 0.4.0
digest: sha256:9dabb7c4b9ca5ff9510cb70bec50acfef401768e02ebbf377cefa4eb3e57c534
generated: "2026-01-31T14:49:16.9058+01:00"
